
Microsoft Visual Studio Solution File, Format Version 12.00
# Visual Studio 14
VisualStudioVersion = 14.0.25420.1
MinimumVisualStudioVersion = 10.0.40219.1
Project("{FAE04EC0-301F-11D3-BF4B-00C04F79EFBC}") = "HumanVerification", "MainComponent\HumanVerification.csproj", "{222EF75F-96AE-4471-B901-375E68D737DD}"
EndProject
Project("{FAE04EC0-301F-11D3-BF4B-00C04F79EFBC}") = "WindowsFormsApplication1", "WindowsFormsApplication1\WindowsFormsApplication1.csproj", "{46493BEE-7E89-40A7-87EC-1328BCE84502}"
EndProject
Project("{FAE04EC0-301F-11D3-BF4B-00C04F79EFBC}") = "PrimaryComponent", "PrimaryComponent\PrimaryComponent.csproj", "{BD812E40-532C-4520-B515-1C01A53ABD00}"
EndProject
Project("{FAE04EC0-301F-11D3-BF4B-00C04F79EFBC}") = "ChildComponent", "ChildComponent\ChildComponent.csproj", "{03256A1B-FBA6-4874-97AD-9BE9053D5737}"
EndProject
Project("{FAE04EC0-301F-11D3-BF4B-00C04F79EFBC}") = "UnitTest", "UnitTest\UnitTest.csproj", "{4702B492-4D55-4D3D-9DC8-6F217AE7CEE6}"
EndProject
Global
	GlobalSection(SolutionConfigurationPlatforms) = preSolution
		Debug|Any CPU = Debug|Any CPU
		Release|Any CPU = Release|Any CPU
	EndGlobalSection
	GlobalSection(ProjectConfigurationPlatforms) = postSolution
		{222EF75F-96AE-4471-B901-375E68D737DD}.Debug|Any CPU.ActiveCfg = Debug|Any CPU
		{222EF75F-96AE-4471-B901-375E68D737DD}.Debug|Any CPU.Build.0 = Debug|Any CPU
		{222EF75F-96AE-4471-B901-375E68D737DD}.Release|Any CPU.ActiveCfg = Release|Any CPU
		{222EF75F-96AE-4471-B901-375E68D737DD}.Release|Any CPU.Build.0 = Release|Any CPU
		{46493BEE-7E89-40A7-87EC-1328BCE84502}.Debug|Any CPU.ActiveCfg = Debug|Any CPU
		{46493BEE-7E89-40A7-87EC-1328BCE84502}.Debug|Any CPU.Build.0 = Debug|Any CPU
		{46493BEE-7E89-40A7-87EC-1328BCE84502}.Release|Any CPU.ActiveCfg = Release|Any CPU
		{46493BEE-7E89-40A7-87EC-1328BCE84502}.Release|Any CPU.Build.0 = Release|Any CPU
		{BD812E40-532C-4520-B515-1C01A53ABD00}.Debug|Any CPU.ActiveCfg = Debug|Any CPU
		{BD812E40-532C-4520-B515-1C01A53ABD00}.Debug|Any CPU.Build.0 = Debug|Any CPU
		{BD812E40-532C-4520-B515-1C01A53ABD00}.Release|Any CPU.ActiveCfg = Release|Any CPU
		{BD812E40-532C-4520-B515-1C01A53ABD00}.Release|Any CPU.Build.0 = Release|Any CPU
		{03256A1B-FBA6-4874-97AD-9BE9053D5737}.Debug|Any CPU.ActiveCfg = Debug|Any CPU
		{03256A1B-FBA6-4874-97AD-9BE9053D5737}.Debug|Any CPU.Build.0 = Debug|Any CPU
		{03256A1B-FBA6-4874-97AD-9BE9053D5737}.Release|Any CPU.ActiveCfg = Release|Any CPU
		{03256A1B-FBA6-4874-97AD-9BE9053D5737}.Release|Any CPU.Build.0 = Release|Any CPU
		{4702B492-4D55-4D3D-9DC8-6F217AE7CEE6}.Debug|Any CPU.ActiveCfg = Debug|Any CPU
		{4702B492-4D55-4D3D-9DC8-6F217AE7CEE6}.Debug|Any CPU.Build.0 = Debug|Any CPU
		{4702B492-4D55-4D3D-9DC8-6F217AE7CEE6}.Release|Any CPU.ActiveCfg = Release|Any CPU
		{4702B492-4D55-4D3D-9DC8-6F217AE7CEE6}.Release|Any CPU.Build.0 = Release|Any CPU
	EndGlobalSection
	GlobalSection(SolutionProperties) = preSolution
		HideSolutionNode = FALSE
	EndGlobalSection
EndGlobal
